
Microsoft Visual Studio Solution File, Format Version 12.00
# Visual Studio Version 16
VisualStudioVersion = 16.0.28803.202
MinimumVisualStudioVersion = 10.0.40219.1
Project("{FAE04EC0-301F-11D3-BF4B-00C04F79EFBC}") = "Flowerpot.Equations.View", "Flowerpot.Equations.View\Flowerpot.Equations.View.csproj", "{A6114C54-CB7E-47F2-9772-B7EB62D83434}"
EndProject
Project("{FAE04EC0-301F-11D3-BF4B-00C04F79EFBC}") = "Flowerpot.Equations.Domain", "Flowerpot.Equations.Domain\Flowerpot.Equations.Domain.csproj", "{59F6FB09-D202-4335-B216-E0F55DE9174F}"
EndProject
Project("{FAE04EC0-301F-11D3-BF4B-00C04F79EFBC}") = "Flowerpot.Equations.Domain.UnitTests", "Flowerpot.Equations.Domain.UnitTests\Flowerpot.Equations.Domain.UnitTests.csproj", "{E7AC179A-A87D-420C-AC08-3B4B0E3709B9}"
EndProject
Project("{FAE04EC0-301F-11D3-BF4B-00C04F79EFBC}") = "Flowerpot.Equations.Infrastructure", "Flowerpot.Equations.Infrastructure\Flowerpot.Equations.Infrastructure.csproj", "{1A83EB6F-67F0-47EF-8742-FDED2BB54847}"
EndProject
Global
	GlobalSection(SolutionConfigurationPlatforms) = preSolution
		Debug|Any CPU = Debug|Any CPU
		Release|Any CPU = Release|Any CPU
	EndGlobalSection
	GlobalSection(ProjectConfigurationPlatforms) = postSolution
		{A6114C54-CB7E-47F2-9772-B7EB62D83434}.Debug|Any CPU.ActiveCfg = Debug|Any CPU
		{A6114C54-CB7E-47F2-9772-B7EB62D83434}.Debug|Any CPU.Build.0 = Debug|Any CPU
		{A6114C54-CB7E-47F2-9772-B7EB62D83434}.Release|Any CPU.ActiveCfg = Release|Any CPU
		{A6114C54-CB7E-47F2-9772-B7EB62D83434}.Release|Any CPU.Build.0 = Release|Any CPU
		{59F6FB09-D202-4335-B216-E0F55DE9174F}.Debug|Any CPU.ActiveCfg = Debug|Any CPU
		{59F6FB09-D202-4335-B216-E0F55DE9174F}.Debug|Any CPU.Build.0 = Debug|Any CPU
		{59F6FB09-D202-4335-B216-E0F55DE9174F}.Release|Any CPU.ActiveCfg = Release|Any CPU
		{59F6FB09-D202-4335-B216-E0F55DE9174F}.Release|Any CPU.Build.0 = Release|Any CPU
		{E7AC179A-A87D-420C-AC08-3B4B0E3709B9}.Debug|Any CPU.ActiveCfg = Debug|Any CPU
		{E7AC179A-A87D-420C-AC08-3B4B0E3709B9}.Debug|Any CPU.Build.0 = Debug|Any CPU
		{E7AC179A-A87D-420C-AC08-3B4B0E3709B9}.Release|Any CPU.ActiveCfg = Release|Any CPU
		{E7AC179A-A87D-420C-AC08-3B4B0E3709B9}.Release|Any CPU.Build.0 = Release|Any CPU
		{1A83EB6F-67F0-47EF-8742-FDED2BB54847}.Debug|Any CPU.ActiveCfg = Debug|Any CPU
		{1A83EB6F-67F0-47EF-8742-FDED2BB54847}.Debug|Any CPU.Build.0 = Debug|Any CPU
		{1A83EB6F-67F0-47EF-8742-FDED2BB54847}.Release|Any CPU.ActiveCfg = Release|Any CPU
		{1A83EB6F-67F0-47EF-8742-FDED2BB54847}.Release|Any CPU.Build.0 = Release|Any CPU
	EndGlobalSection
	GlobalSection(SolutionProperties) = preSolution
		HideSolutionNode = FALSE
	EndGlobalSection
	GlobalSection(ExtensibilityGlobals) = postSolution
		SolutionGuid = {D9C2D60F-7D0A-4551-B9AD-92C95A76ACCD}
	EndGlobalSection
EndGlobal
